// !$*UTF8*$!
{
	archiveVersion = 1;
	classes = {
	};
	objectVersion = 46;
	objects = {

/* Begin PBXBuildFile section */
		A775D6011EDA11D4004DAD0A /* AppDelegate.swift in Sources */ = {isa = PBXBuildFile; fileRef = A775D6001EDA11D4004DAD0A /* AppDelegate.swift */; };
		A775D6031EDA11D4004DAD0A /* WeatherVC.swift in Sources */ = {isa = PBXBuildFile; fileRef = A775D6021EDA11D4004DAD0A /* WeatherVC.swift */; };
		A775D6061EDA11D4004DAD0A /* Main.storyboard in Resources */ = {isa = PBXBuildFile; fileRef = A775D6041EDA11D4004DAD0A /* Main.storyboard */; };
		A775D6081EDA11D4004DAD0A /* Assets.xcassets in Resources */ = {isa = PBXBuildFile; fileRef = A775D6071EDA11D4004DAD0A /* Assets.xcassets */; };
		A775D60B1EDA11D4004DAD0A /* LaunchScreen.storyboard in Resources */ = {isa = PBXBuildFile; fileRef = A775D6091EDA11D4004DAD0A /* LaunchScreen.storyboard */; };
		A775D6131EDC49C9004DAD0A /* Constants.swift in Sources */ = {isa = PBXBuildFile; fileRef = A775D6121EDC49C9004DAD0A /* Constants.swift */; };
		A775D6151EDC4C70004DAD0A /* CurrentWeather.swift in Sources */ = {isa = PBXBuildFile; fileRef = A775D6141EDC4C70004DAD0A /* CurrentWeather.swift */; };
		A775D6171EDC8158004DAD0A /* Forecast.swift in Sources */ = {isa = PBXBuildFile; fileRef = A775D6161EDC8158004DAD0A /* Forecast.swift */; };
		A775D6191EDCF746004DAD0A /* WeatherCell.swift in Sources */ = {isa = PBXBuildFile; fileRef = A775D6181EDCF746004DAD0A /* WeatherCell.swift */; };
		A775D61B1EDD083D004DAD0A /* Location.swift in Sources */ = {isa = PBXBuildFile; fileRef = A775D61A1EDD083D004DAD0A /* Location.swift */; };
		CC2EF3B2EB2437B428262B6F /* Pods_RainyShinyCloudy.framework in Frameworks */ = {isa = PBXBuildFile; fileRef = B3CE7049A565C6D34D6B01D1 /* Pods_RainyShinyCloudy.framework */; };
/* End PBXBuildFile section */

/* Begin PBXFileReference section */
		A2B0DCC7A83D439C97C5F01D /* Pods-RainyShinyCloudy.debug.xcconfig */ = {isa = PBXFileReference; includeInIndex = 1; lastKnownFileType = text.xcconfig; name = "Pods-RainyShinyCloudy.debug.xcconfig"; path = "Pods/Target Support Files/Pods-RainyShinyCloudy/Pods-RainyShinyCloudy.debug.xcconfig"; sourceTree = "<group>"; };
		A775D5FD1EDA11D4004DAD0A /* RainyShinyCloudy.app */ = {isa = PBXFileReference; explicitFileType = wrapper.application; includeInIndex = 0; path = RainyShinyCloudy.app; sourceTree = BUILT_PRODUCTS_DIR; };
		A775D6001EDA11D4004DAD0A /* AppDelegate.swift */ = {isa = PBXFileReference; lastKnownFileType = sourcecode.swift; path = AppDelegate.swift; sourceTree = "<group>"; };
		A775D6021EDA11D4004DAD0A /* WeatherVC.swift */ = {isa = PBXFileReference; lastKnownFileType = sourcecode.swift; path = WeatherVC.swift; sourceTree = "<group>"; };
		A775D6051EDA11D4004DAD0A /* Base */ = {isa = PBXFileReference; lastKnownFileType = file.storyboard; name = Base; path = Base.lproj/Main.storyboard; sourceTree = "<group>"; };
		A775D6071EDA11D4004DAD0A /* Assets.xcassets */ = {isa = PBXFileReference; lastKnownFileType = folder.assetcatalog; path = Assets.xcassets; sourceTree = "<group>"; };
		A775D60A1EDA11D4004DAD0A /* Base */ = {isa = PBXFileReference; lastKnownFileType = file.storyboard; name = Base; path = Base.lproj/LaunchScreen.storyboard; sourceTree = "<group>"; };
		A775D60C1EDA11D4004DAD0A /* Info.plist */ = {isa = PBXFileReference; lastKnownFileType = text.plist.xml; path = Info.plist; sourceTree = "<group>"; };
		A775D6121EDC49C9004DAD0A /* Constants.swift */ = {isa = PBXFileReference; fileEncoding = 4; lastKnownFileType = sourcecode.swift; path = Constants.swift; sourceTree = "<group>"; };
		A775D6141EDC4C70004DAD0A /* CurrentWeather.swift */ = {isa = PBXFileReference; fileEncoding = 4; lastKnownFileType = sourcecode.swift; path = CurrentWeather.swift; sourceTree = "<group>"; };
		A775D6161EDC8158004DAD0A /* Forecast.swift */ = {isa = PBXFileReference; fileEncoding = 4; lastKnownFileType = sourcecode.swift; path = Forecast.swift; sourceTree = "<group>"; };
		A775D6181EDCF746004DAD0A /* WeatherCell.swift */ = {isa = PBXFileReference; fileEncoding = 4; lastKnownFileType = sourcecode.swift; path = WeatherCell.swift; sourceTree = "<group>"; };
		A775D61A1EDD083D004DAD0A /* Location.swift */ = {isa = PBXFileReference; fileEncoding = 4; lastKnownFileType = sourcecode.swift; path = Location.swift; sourceTree = "<group>"; };
		B3CE7049A565C6D34D6B01D1 /* Pods_RainyShinyCloudy.framework */ = {isa = PBXFileReference; explicitFileType = wrapper.framework; includeInIndex = 0; path = Pods_RainyShinyCloudy.framework; sourceTree = BUILT_PRODUCTS_DIR; };
		BBA260A93EA9E64909DF9917 /* Pods-RainyShinyCloudy.release.xcconfig */ = {isa = PBXFileReference; includeInIndex = 1; lastKnownFileType = text.xcconfig; name = "Pods-RainyShinyCloudy.release.xcconfig"; path = "Pods/Target Support Files/Pods-RainyShinyCloudy/Pods-RainyShinyCloudy.release.xcconfig"; sourceTree = "<group>"; };
/* End PBXFileReference section */

/* Begin PBXFrameworksBuildPhase section */
		A775D5FA1EDA11D4004DAD0A /* Frameworks */ = {
			isa = PBXFrameworksBuildPhase;
			buildActionMask = 2147483647;
			files = (
				CC2EF3B2EB2437B428262B6F /* Pods_RainyShinyCloudy.framework in Frameworks */,
			);
			runOnlyForDeploymentPostprocessing = 0;
		};
/* End PBXFrameworksBuildPhase section */

/* Begin PBXGroup section */
		A775D5F41EDA11D4004DAD0A = {
			isa = PBXGroup;
			children = (
				A775D5FF1EDA11D4004DAD0A /* RainyShinyCloudy */,
				A775D5FE1EDA11D4004DAD0A /* Products */,
				D66927E972BE52334AE54F4D /* Pods */,
				D4875C291ECCA21C9121DCA0 /* Frameworks */,
			);
			sourceTree = "<group>";
		};
		A775D5FE1EDA11D4004DAD0A /* Products */ = {
			isa = PBXGroup;
			children = (
				A775D5FD1EDA11D4004DAD0A /* RainyShinyCloudy.app */,
			);
			name = Products;
			sourceTree = "<group>";
		};
		A775D5FF1EDA11D4004DAD0A /* RainyShinyCloudy */ = {
			isa = PBXGroup;
			children = (
				A775D6001EDA11D4004DAD0A /* AppDelegate.swift */,
				A775D6021EDA11D4004DAD0A /* WeatherVC.swift */,
				A775D6041EDA11D4004DAD0A /* Main.storyboard */,
				A775D6071EDA11D4004DAD0A /* Assets.xcassets */,
				A775D6091EDA11D4004DAD0A /* LaunchScreen.storyboard */,
				A775D60C1EDA11D4004DAD0A /* Info.plist */,
				A775D6121EDC49C9004DAD0A /* Constants.swift */,
				A775D6141EDC4C70004DAD0A /* CurrentWeather.swift */,
				A775D6161EDC8158004DAD0A /* Forecast.swift */,
				A775D6181EDCF746004DAD0A /* WeatherCell.swift */,
				A775D61A1EDD083D004DAD0A /* Location.swift */,
			);
			path = RainyShinyCloudy;
			sourceTree = "<group>";
		};
		D4875C291ECCA21C9121DCA0 /* Frameworks */ = {
			isa = PBXGroup;
			children = (
				B3CE7049A565C6D34D6B01D1 /* Pods_RainyShinyCloudy.framework */,
			);
			name = Frameworks;
			sourceTree = "<group>";
		};
		D66927E972BE52334AE54F4D /* Pods */ = {
			isa = PBXGroup;
			children = (
				A2B0DCC7A83D439C97C5F01D /* Pods-RainyShinyCloudy.debug.xcconfig */,
				BBA260A93EA9E64909DF9917 /* Pods-RainyShinyCloudy.release.xcconfig */,
			);
			name = Pods;
			sourceTree = "<group>";
		};
/* End PBXGroup section */

/* Begin PBXNativeTarget section */
		A775D5FC1EDA11D4004DAD0A /* RainyShinyCloudy */ = {
			isa = PBXNativeTarget;
			buildConfigurationList = A775D60F1EDA11D4004DAD0A /* Build configuration list for PBXNativeTarget "RainyShinyCloudy" */;
			buildPhases = (
				29BA21FBD115F576AB2BFC07 /* [CP] Check Pods Manifest.lock */,
				A775D5F91EDA11D4004DAD0A /* Sources */,
				A775D5FA1EDA11D4004DAD0A /* Frameworks */,
				A775D5FB1EDA11D4004DAD0A /* Resources */,
				9E51A618AA626F3D856514CD /* [CP] Embed Pods Frameworks */,
				D4E37B71176DF9E31A677682 /* [CP] Copy Pods Resources */,
			);
			buildRules = (
			);
			dependencies = (
			);
			name = RainyShinyCloudy;
			productName = RainyShinyCloudy;
			productReference = A775D5FD1EDA11D4004DAD0A /* RainyShinyCloudy.app */;
			productType = "com.apple.product-type.application";
		};
/* End PBXNativeTarget section */

/* Begin PBXProject section */
		A775D5F51EDA11D4004DAD0A /* Project object */ = {
			isa = PBXProject;
			attributes = {
				LastSwiftUpdateCheck = 0830;
				LastUpgradeCheck = 0830;
				ORGANIZATIONNAME = "Árthur Ken Aramaki Mota";
				TargetAttributes = {
					A775D5FC1EDA11D4004DAD0A = {
						CreatedOnToolsVersion = 8.3.2;
						DevelopmentTeam = L4R262228V;
						ProvisioningStyle = Automatic;
					};
				};
			};
			buildConfigurationList = A775D5F81EDA11D4004DAD0A /* Build configuration list for PBXProject "RainyShinyCloudy" */;
			compatibilityVersion = "Xcode 3.2";
			developmentRegion = English;
			hasScannedForEncodings = 0;
			knownRegions = (
				en,
				Base,
			);
			mainGroup = A775D5F41EDA11D4004DAD0A;
			productRefGroup = A775D5FE1EDA11D4004DAD0A /* Products */;
			projectDirPath = "";
			projectRoot = "";
			targets = (
				A775D5FC1EDA11D4004DAD0A /* RainyShinyCloudy */,
			);
		};
/* End PBXProject section */

/* Begin PBXResourcesBuildPhase section */
		A775D5FB1EDA11D4004DAD0A /* Resources */ = {
			isa = PBXResourcesBuildPhase;
			buildActionMask = 2147483647;
			files = (
				A775D60B1EDA11D4004DAD0A /* LaunchScreen.storyboard in Resources */,
				A775D6081EDA11D4004DAD0A /* Assets.xcassets in Resources */,
				A775D6061EDA11D4004DAD0A /* Main.storyboard in Resources */,
			);
			runOnlyForDeploymentPostprocessing = 0;
		};
/* End PBXResourcesBuildPhase section */

/* Begin PBXShellScriptBuildPhase section */
		29BA21FBD115F576AB2BFC07 /* [CP] Check Pods Manifest.lock */ = {
			isa = PBXShellScriptBuildPhase;
			buildActionMask = 2147483647;
			files = (
			);
			inputPaths = (
			);
			name = "[CP] Check Pods Manifest.lock";
			outputPaths = (
			);
			runOnlyForDeploymentPostprocessing = 0;
			shellPath = /bin/sh;
			shellScript = "diff \"${PODS_PODFILE_DIR_PATH}/Podfile.lock\" \"${PODS_ROOT}/Manifest.lock\" > /dev/null\nif [ $? != 0 ] ; then\n    # print error to STDERR\n    echo \"error: The sandbox is not in sync with the Podfile.lock. Run 'pod install' or update your CocoaPods installation.\" >&2\n    exit 1\nfi\n";
			showEnvVarsInLog = 0;
		};
		9E51A618AA626F3D856514CD /* [CP] Embed Pods Frameworks */ = {
			isa = PBXShellScriptBuildPhase;
			buildActionMask = 2147483647;
			files = (
			);
			inputPaths = (
			);
			name = "[CP] Embed Pods Frameworks";
			outputPaths = (
			);
			runOnlyForDeploymentPostprocessing = 0;
			shellPath = /bin/sh;
			shellScript = "\"${SRCROOT}/Pods/Target Support Files/Pods-RainyShinyCloudy/Pods-RainyShinyCloudy-frameworks.sh\"\n";
			showEnvVarsInLog = 0;
		};
		D4E37B71176DF9E31A677682 /* [CP] Copy Pods Resources */ = {
			isa = PBXShellScriptBuildPhase;
			buildActionMask = 2147483647;
			files = (
			);
			inputPaths = (
			);
			name = "[CP] Copy Pods Resources";
			outputPaths = (
			);
			runOnlyForDeploymentPostprocessing = 0;
			shellPath = /bin/sh;
			shellScript = "\"${SRCROOT}/Pods/Target Support Files/Pods-RainyShinyCloudy/Pods-RainyShinyCloudy-resources.sh\"\n";
			showEnvVarsInLog = 0;
		};
/* End PBXShellScriptBuildPhase section */

/* Begin PBXSourcesBuildPhase section */
		A775D5F91EDA11D4004DAD0A /* Sources */ = {
			isa = PBXSourcesBuildPhase;
			buildActionMask = 2147483647;
			files = (
				A775D6031EDA11D4004DAD0A /* WeatherVC.swift in Sources */,
				A775D6011EDA11D4004DAD0A /* AppDelegate.swift in Sources */,
				A775D6191EDCF746004DAD0A /* WeatherCell.swift in Sources */,
				A775D6151EDC4C70004DAD0A /* CurrentWeather.swift in Sources */,
				A775D6131EDC49C9004DAD0A /* Constants.swift in Sources */,
				A775D6171EDC8158004DAD0A /* Forecast.swift in Sources */,
				A775D61B1EDD083D004DAD0A /* Location.swift in Sources */,
			);
			runOnlyForDeploymentPostprocessing = 0;
		};
/* End PBXSourcesBuildPhase section */

/* Begin PBXVariantGroup section */
		A775D6041EDA11D4004DAD0A /* Main.storyboard */ = {
			isa = PBXVariantGroup;
			children = (
				A775D6051EDA11D4004DAD0A /* Base */,
			);
			name = Main.storyboard;
			sourceTree = "<group>";
		};
		A775D6091EDA11D4004DAD0A /* LaunchScreen.storyboard */ = {
			isa = PBXVariantGroup;
			children = (
				A775D60A1EDA11D4004DAD0A /* Base */,
			);
			name = LaunchScreen.storyboard;
			sourceTree = "<group>";
		};
/* End PBXVariantGroup section */

/* Begin XCBuildConfiguration section */
		A775D60D1EDA11D4004DAD0A /* Debug */ = {
			isa = XCBuildConfiguration;
			buildSettings = {
				ALWAYS_SEARCH_USER_PATHS = NO;
				CLANG_ANALYZER_NONNULL = YES;
				CLANG_ANALYZER_NUMBER_OBJECT_CONVERSION = YES_AGGRESSIVE;
				CLANG_CXX_LANGUAGE_STANDARD = "gnu++0x";
				CLANG_CXX_LIBRARY = "libc++";
				CLANG_ENABLE_MODULES = YES;
				CLANG_ENABLE_OBJC_ARC = YES;
				CLANG_WARN_BOOL_CONVERSION = YES;
				CLANG_WARN_CONSTANT_CONVERSION = YES;
				CLANG_WARN_DIRECT_OBJC_ISA_USAGE = YES_ERROR;
				CLANG_WARN_DOCUMENTATION_COMMENTS = YES;
				CLANG_WARN_EMPTY_BODY = YES;
				CLANG_WARN_ENUM_CONVERSION = YES;
				CLANG_WARN_INFINITE_RECURSION = YES;
				CLANG_WARN_INT_CONVERSION = YES;
				CLANG_WARN_OBJC_ROOT_CLASS = YES_ERROR;
				CLANG_WARN_SUSPICIOUS_MOVE = YES;
				CLANG_WARN_UNREACHABLE_CODE = YES;
				CLANG_WARN__DUPLICATE_METHOD_MATCH = YES;
				"CODE_SIGN_IDENTITY[sdk=iphoneos*]" = "iPhone Developer";
				COPY_PHASE_STRIP = NO;
				DEBUG_INFORMATION_FORMAT = dwarf;
				ENABLE_STRICT_OBJC_MSGSEND = YES;
				ENABLE_TESTABILITY = YES;
				GCC_C_LANGUAGE_STANDARD = gnu99;
				GCC_DYNAMIC_NO_PIC = NO;
				GCC_NO_COMMON_BLOCKS = YES;
				GCC_OPTIMIZATION_LEVEL = 0;
				GCC_PREPROCESSOR_DEFINITIONS = (
					"DEBUG=1",
					"$(inherited)",
				);
				GCC_WARN_64_TO_32_BIT_CONVERSION = YES;
				GCC_WARN_ABOUT_RETURN_TYPE = YES_ERROR;
				GCC_WARN_UNDECLARED_SELECTOR = YES;
				GCC_WARN_UNINITIALIZED_AUTOS = YES_AGGRESSIVE;
				GCC_WARN_UNUSED_FUNCTION = YES;
				GCC_WARN_UNUSED_VARIABLE = YES;
				IPHONEOS_DEPLOYMENT_TARGET = 10.3;
				MTL_ENABLE_DEBUG_INFO = YES;
				ONLY_ACTIVE_ARCH = YES;
				SDKROOT = iphoneos;
				SWIFT_ACTIVE_COMPILATION_CONDITIONS = DEBUG;
				SWIFT_OPTIMIZATION_LEVEL = "-Onone";
			};
			name = Debug;
		};
		A775D60E1EDA11D4004DAD0A /* Release */ = {
			isa = XCBuildConfiguration;
			buildSettings = {
				ALWAYS_SEARCH_USER_PATHS = NO;
				CLANG_ANALYZER_NONNULL = YES;
				CLANG_ANALYZER_NUMBER_OBJECT_CONVERSION = YES_AGGRESSIVE;
				CLANG_CXX_LANGUAGE_STANDARD = "gnu++0x";
				CLANG_CXX_LIBRARY = "libc++";
				CLANG_ENABLE_MODULES = YES;
				CLANG_ENABLE_OBJC_ARC = YES;
				CLANG_WARN_BOOL_CONVERSION = YES;
				CLANG_WARN_CONSTANT_CONVERSION = YES;
				CLANG_WARN_DIRECT_OBJC_ISA_USAGE = YES_ERROR;
				CLANG_WARN_DOCUMENTATION_COMMENTS = YES;
				CLANG_WARN_EMPTY_BODY = YES;
				CLANG_WARN_ENUM_CONVERSION = YES;
				CLANG_WARN_INFINITE_RECURSION = YES;
				CLANG_WARN_INT_CONVERSION = YES;
				CLANG_WARN_OBJC_ROOT_CLASS = YES_ERROR;
				CLANG_WARN_SUSPICIOUS_MOVE = YES;
				CLANG_WARN_UNREACHABLE_CODE = YES;
				CLANG_WARN__DUPLICATE_METHOD_MATCH = YES;
				"CODE_SIGN_IDENTITY[sdk=iphoneos*]" = "iPhone Developer";
				COPY_PHASE_STRIP = NO;
				DEBUG_INFORMATION_FORMAT = "dwarf-with-dsym";
				ENABLE_NS_ASSERTIONS = NO;
				ENABLE_STRICT_OBJC_MSGSEND = YES;
				GCC_C_LANGUAGE_STANDARD = gnu99;
				GCC_NO_COMMON_BLOCKS = YES;
				GCC_WARN_64_TO_32_BIT_CONVERSION = YES;
				GCC_WARN_ABOUT_RETURN_TYPE = YES_ERROR;
				GCC_WARN_UNDECLARED_SELECTOR = YES;
				GCC_WARN_UNINITIALIZED_AUTOS = YES_AGGRESSIVE;
				GCC_WARN_UNUSED_FUNCTION = YES;
				GCC_WARN_UNUSED_VARIABLE = YES;
				IPHONEOS_DEPLOYMENT_TARGET = 10.3;
				MTL_ENABLE_DEBUG_INFO = NO;
				SDKROOT = iphoneos;
				SWIFT_OPTIMIZATION_LEVEL = "-Owholemodule";
				VALIDATE_PRODUCT = YES;
			};
			name = Release;
		};
		A775D6101EDA11D4004DAD0A /* Debug */ = {
			isa = XCBuildConfiguration;
			baseConfigurationReference = A2B0DCC7A83D439C97C5F01D /* Pods-RainyShinyCloudy.debug.xcconfig */;
			buildSettings = {
				ASSETCATALOG_COMPILER_APPICON_NAME = AppIcon;
				DEVELOPMENT_TEAM = L4R262228V;
				INFOPLIST_FILE = RainyShinyCloudy/Info.plist;
				LD_RUNPATH_SEARCH_PATHS = "$(inherited) @executable_path/Frameworks";
				PRODUCT_BUNDLE_IDENTIFIER = com.kenaramaki.RainyShinyCloudy;
				PRODUCT_NAME = "$(TARGET_NAME)";
				SWIFT_VERSION = 3.0;
			};
			name = Debug;
		};
		A775D6111EDA11D4004DAD0A /* Release */ = {
			isa = XCBuildConfiguration;
			baseConfigurationReference = BBA260A93EA9E64909DF9917 /* Pods-RainyShinyCloudy.release.xcconfig */;
			buildSettings = {
				ASSETCATALOG_COMPILER_APPICON_NAME = AppIcon;
				DEVELOPMENT_TEAM = L4R262228V;
				INFOPLIST_FILE = RainyShinyCloudy/Info.plist;
				LD_RUNPATH_SEARCH_PATHS = "$(inherited) @executable_path/Frameworks";
				PRODUCT_BUNDLE_IDENTIFIER = com.kenaramaki.RainyShinyCloudy;
				PRODUCT_NAME = "$(TARGET_NAME)";
				SWIFT_VERSION = 3.0;
			};
			name = Release;
		};
/* End XCBuildConfiguration section */

/* Begin XCConfigurationList section */
		A775D5F81EDA11D4004DAD0A /* Build configuration list for PBXProject "RainyShinyCloudy" */ = {
			isa = XCConfigurationList;
			buildConfigurations = (
				A775D60D1EDA11D4004DAD0A /* Debug */,
				A775D60E1EDA11D4004DAD0A /* Release */,
			);
			defaultConfigurationIsVisible = 0;
			defaultConfigurationName = Release;
		};
		A775D60F1EDA11D4004DAD0A /* Build configuration list for PBXNativeTarget "RainyShinyCloudy" */ = {
			isa = XCConfigurationList;
			buildConfigurations = (
				A775D6101EDA11D4004DAD0A /* Debug */,
				A775D6111EDA11D4004DAD0A /* Release */,
			);
			defaultConfigurationIsVisible = 0;
			defaultConfigurationName = Release;
		};
/* End XCConfigurationList section */
	};
	rootObject = A775D5F51EDA11D4004DAD0A /* Project object */;
}
